
Microsoft Visual Studio Solution File, Format Version 12.00
# Visual Studio Version 16
VisualStudioVersion = 16.0.30014.187
MinimumVisualStudioVersion = 10.0.40219.1
Project("{FAE04EC0-301F-11D3-BF4B-00C04F79EFBC}") = "LeetString", "LeetString\LeetString.csproj", "{5B370459-3DD0-4FC2-861B-A914E9E52A9F}"
EndProject
Project("{FAE04EC0-301F-11D3-BF4B-00C04F79EFBC}") = "LeetStringTests", "LeetStringTests\LeetStringTests.csproj", "{492EF01B-12D0-4785-B7E1-5E51E7AFF4B2}"
EndProject
Global
	GlobalSection(SolutionConfigurationPlatforms) = preSolution
		Debug|Any CPU = Debug|Any CPU
		Release|Any CPU = Release|Any CPU
	EndGlobalSection
	GlobalSection(ProjectConfigurationPlatforms) = postSolution
		{5B370459-3DD0-4FC2-861B-A914E9E52A9F}.Debug|Any CPU.ActiveCfg = Debug|Any CPU
		{5B370459-3DD0-4FC2-861B-A914E9E52A9F}.Debug|Any CPU.Build.0 = Debug|Any CPU
		{5B370459-3DD0-4FC2-861B-A914E9E52A9F}.Release|Any CPU.ActiveCfg = Release|Any CPU
		{5B370459-3DD0-4FC2-861B-A914E9E52A9F}.Release|Any CPU.Build.0 = Release|Any CPU
		{492EF01B-12D0-4785-B7E1-5E51E7AFF4B2}.Debug|Any CPU.ActiveCfg = Debug|Any CPU
		{492EF01B-12D0-4785-B7E1-5E51E7AFF4B2}.Debug|Any CPU.Build.0 = Debug|Any CPU
		{492EF01B-12D0-4785-B7E1-5E51E7AFF4B2}.Release|Any CPU.ActiveCfg = Release|Any CPU
		{492EF01B-12D0-4785-B7E1-5E51E7AFF4B2}.Release|Any CPU.Build.0 = Release|Any CPU
	EndGlobalSection
	GlobalSection(SolutionProperties) = preSolution
		HideSolutionNode = FALSE
	EndGlobalSection
	GlobalSection(ExtensibilityGlobals) = postSolution
		SolutionGuid = {6A0E8E50-11D7-4367-A967-327CB644A6FD}
	EndGlobalSection
EndGlobal
